# THIS IS AN AUTOGENERATED FILE. DO NOT EDIT THIS FILE DIRECTLY.
# yarn lockfile v1


bel@^5.1.7:
  version "5.1.7"
  resolved "https://registry.yarnpkg.com/bel/-/bel-5.1.7.tgz#1aea92e028398a51a4467aba3e83295882601ca4"
  dependencies:
    hyperx "^2.3.0"
    is-electron "^2.0.0"
    pelo "^0.1.0"

dom-walk@^0.1.0:
  version "0.1.1"
  resolved "https://registry.yarnpkg.com/dom-walk/-/dom-walk-0.1.1.tgz#672226dc74c8f799ad35307df936aba11acd6018"

global@^4.3.1, global@^4.3.2:
  version "4.3.2"
  resolved "https://registry.yarnpkg.com/global/-/global-4.3.2.tgz#e76989268a6c74c38908b1305b10fc0e394e9d0f"
  dependencies:
    min-document "^2.19.0"
    process "~0.5.1"

hyperscript-attribute-to-property@^1.0.0:
  version "1.0.0"
  resolved "https://registry.yarnpkg.com/hyperscript-attribute-to-property/-/hyperscript-attribute-to-property-1.0.0.tgz#825308d49bb8e2957923f731981bcc811cad7aff"

hyperx@^2.3.0:
  version "2.3.3"
  resolved "https://registry.yarnpkg.com/hyperx/-/hyperx-2.3.3.tgz#d5911be282b5997330523e4b03a3d1ff7f818cde"
  dependencies:
    hyperscript-attribute-to-property "^1.0.0"

is-electron@^2.0.0:
  version "2.1.0"
  resolved "https://registry.yarnpkg.com/is-electron/-/is-electron-2.1.0.tgz#37dd2e9e7167efa8bafce86c0c25762bc4b851fa"

min-document@^2.19.0:
  version "2.19.0"
  resolved "https://registry.yarnpkg.com/min-document/-/min-document-2.19.0.tgz#7bd282e3f5842ed295bb748cdd9f1ffa2c824685"
  dependencies:
    dom-walk "^0.1.0"

nanoassert@^1.1.0:
  version "1.1.0"
  resolved "https://registry.yarnpkg.com/nanoassert/-/nanoassert-1.1.0.tgz#4f3152e09540fde28c76f44b19bbcd1d5a42478d"

nanocomponent@^6.5.1:
  version "6.5.1"
  resolved "https://registry.yarnpkg.com/nanocomponent/-/nanocomponent-6.5.1.tgz#5e91a5b95ff727f59905a24311c98d22e5145b6a"
  dependencies:
    global "^4.3.1"
    nanoassert "^1.1.0"
    nanomorph "^5.1.2"
    nanotiming "^7.2.0"
    on-load "^3.3.4"

nanomorph@^5.1.2:
  version "5.1.3"
  resolved "https://registry.yarnpkg.com/nanomorph/-/nanomorph-5.1.3.tgz#65b81912bb32278aaa7aacc9ccd99b4508f6a21d"
  dependencies:
    nanoassert "^1.1.0"

nanoscheduler@^1.0.2:
  version "1.0.2"
  resolved "https://registry.yarnpkg.com/nanoscheduler/-/nanoscheduler-1.0.2.tgz#cc20ce0a899c9a17871ee80900e0b214e0dda8d5"
  dependencies:
    nanoassert "^1.1.0"

nanotiming@^7.2.0:
  version "7.3.0"
  resolved "https://registry.yarnpkg.com/nanotiming/-/nanotiming-7.3.0.tgz#deecef9b58ea43fc023e11c2e9ba1bacb6b2f9b8"
  dependencies:
    nanoscheduler "^1.0.2"

on-load@^3.3.4:
  version "3.4.0"
  resolved "https://registry.yarnpkg.com/on-load/-/on-load-3.4.0.tgz#13ebe3d13852df3d1b2e559bcece659164f40140"
  dependencies:
    global "^4.3.2"
    nanoassert "^1.1.0"

pelo@^0.1.0:
  version "0.1.0"
  resolved "https://registry.yarnpkg.com/pelo/-/pelo-0.1.0.tgz#54157d3bc63c10da65504d6b801f0b535584c11b"

process@~0.5.1:
  version "0.5.2"
  resolved "https://registry.yarnpkg.com/process/-/process-0.5.2.tgz#1638d8a8e34c2f440a91db95ab9aeb677fc185cf"
